// !$*UTF8*$!
{
	archiveVersion = 1;
	classes = {
	};
	objectVersion = 50;
	objects = {

/* Begin PBXBuildFile section */
		E839225926945FD400421E15 /* CardBrandWithSchemes.swift in Sources */ = {isa = PBXBuildFile; fileRef = E839225826945FD400421E15 /* CardBrandWithSchemes.swift */; };
		E8AFD98B24618EEF00005F44 /* TapCardVlidatorKit_iOS.h in Headers */ = {isa = PBXBuildFile; fileRef = E8AFD98924618EEF00005F44 /* TapCardVlidatorKit_iOS.h */; settings = {ATTRIBUTES = (Public, ); }; };
		E8AFD99724618F2400005F44 /* CardBINRange.swift in Sources */ = {isa = PBXBuildFile; fileRef = E8AFD99224618F2400005F44 /* CardBINRange.swift */; };
		E8AFD99824618F2400005F44 /* CardValidationState.swift in Sources */ = {isa = PBXBuildFile; fileRef = E8AFD99324618F2400005F44 /* CardValidationState.swift */; };
		E8AFD99924618F2400005F44 /* CardValidator.swift in Sources */ = {isa = PBXBuildFile; fileRef = E8AFD99424618F2400005F44 /* CardValidator.swift */; };
		E8AFD99A24618F2400005F44 /* CardBrand.swift in Sources */ = {isa = PBXBuildFile; fileRef = E8AFD99524618F2400005F44 /* CardBrand.swift */; };
		E8AFD99B24618F2400005F44 /* DefinedCardBrand.swift in Sources */ = {isa = PBXBuildFile; fileRef = E8AFD99624618F2400005F44 /* DefinedCardBrand.swift */; };
/* End PBXBuildFile section */

/* Begin PBXFileReference section */
		E839225826945FD400421E15 /* CardBrandWithSchemes.swift */ = {isa = PBXFileReference; fileEncoding = 4; lastKnownFileType = sourcecode.swift; path = CardBrandWithSchemes.swift; sourceTree = "<group>"; };
		E8AFD98624618EEF00005F44 /* TapCardVlidatorKit_iOS.framework */ = {isa = PBXFileReference; explicitFileType = wrapper.framework; includeInIndex = 0; path = TapCardVlidatorKit_iOS.framework; sourceTree = BUILT_PRODUCTS_DIR; };
		E8AFD98924618EEF00005F44 /* TapCardVlidatorKit_iOS.h */ = {isa = PBXFileReference; lastKnownFileType = sourcecode.c.h; path = TapCardVlidatorKit_iOS.h; sourceTree = "<group>"; };
		E8AFD98A24618EEF00005F44 /* Info.plist */ = {isa = PBXFileReference; lastKnownFileType = text.plist.xml; path = Info.plist; sourceTree = "<group>"; };
		E8AFD99224618F2400005F44 /* CardBINRange.swift */ = {isa = PBXFileReference; fileEncoding = 4; lastKnownFileType = sourcecode.swift; path = CardBINRange.swift; sourceTree = "<group>"; };
		E8AFD99324618F2400005F44 /* CardValidationState.swift */ = {isa = PBXFileReference; fileEncoding = 4; lastKnownFileType = sourcecode.swift; path = CardValidationState.swift; sourceTree = "<group>"; };
		E8AFD99424618F2400005F44 /* CardValidator.swift */ = {isa = PBXFileReference; fileEncoding = 4; lastKnownFileType = sourcecode.swift; path = CardValidator.swift; sourceTree = "<group>"; };
		E8AFD99524618F2400005F44 /* CardBrand.swift */ = {isa = PBXFileReference; fileEncoding = 4; lastKnownFileType = sourcecode.swift; path = CardBrand.swift; sourceTree = "<group>"; };
		E8AFD99624618F2400005F44 /* DefinedCardBrand.swift */ = {isa = PBXFileReference; fileEncoding = 4; lastKnownFileType = sourcecode.swift; path = DefinedCardBrand.swift; sourceTree = "<group>"; };
/* End PBXFileReference section */

/* Begin PBXFrameworksBuildPhase section */
		E8AFD98324618EEF00005F44 /* Frameworks */ = {
			isa = PBXFrameworksBuildPhase;
			buildActionMask = 2147483647;
			files = (
			);
			runOnlyForDeploymentPostprocessing = 0;
		};
/* End PBXFrameworksBuildPhase section */

/* Begin PBXGroup section */
		E8AFD97C24618EEF00005F44 = {
			isa = PBXGroup;
			children = (
				E8AFD98824618EEF00005F44 /* TapCardVlidatorKit-iOS */,
				E8AFD98724618EEF00005F44 /* Products */,
			);
			sourceTree = "<group>";
		};
		E8AFD98724618EEF00005F44 /* Products */ = {
			isa = PBXGroup;
			children = (
				E8AFD98624618EEF00005F44 /* TapCardVlidatorKit_iOS.framework */,
			);
			name = Products;
			sourceTree = "<group>";
		};
		E8AFD98824618EEF00005F44 /* TapCardVlidatorKit-iOS */ = {
			isa = PBXGroup;
			children = (
				E8AFD99124618F0300005F44 /* Core */,
				E8AFD98924618EEF00005F44 /* TapCardVlidatorKit_iOS.h */,
				E8AFD98A24618EEF00005F44 /* Info.plist */,
			);
			path = "TapCardVlidatorKit-iOS";
			sourceTree = "<group>";
		};
		E8AFD99124618F0300005F44 /* Core */ = {
			isa = PBXGroup;
			children = (
				E8AFD99D24618F3000005F44 /* public */,
				E8AFD99C24618F2B00005F44 /* private */,
			);
			path = Core;
			sourceTree = "<group>";
		};
		E8AFD99C24618F2B00005F44 /* private */ = {
			isa = PBXGroup;
			children = (
				E8AFD99224618F2400005F44 /* CardBINRange.swift */,
			);
			path = private;
			sourceTree = "<group>";
		};
		E8AFD99D24618F3000005F44 /* public */ = {
			isa = PBXGroup;
			children = (
				E8AFD99524618F2400005F44 /* CardBrand.swift */,
				E8AFD99324618F2400005F44 /* CardValidationState.swift */,
				E8AFD99424618F2400005F44 /* CardValidator.swift */,
				E8AFD99624618F2400005F44 /* DefinedCardBrand.swift */,
				E839225826945FD400421E15 /* CardBrandWithSchemes.swift */,
			);
			path = public;
			sourceTree = "<group>";
		};
/* End PBXGroup section */

/* Begin PBXHeadersBuildPhase section */
		E8AFD98124618EEF00005F44 /* Headers */ = {
			isa = PBXHeadersBuildPhase;
			buildActionMask = 2147483647;
			files = (
				E8AFD98B24618EEF00005F44 /* TapCardVlidatorKit_iOS.h in Headers */,
			);
			runOnlyForDeploymentPostprocessing = 0;
		};
/* End PBXHeadersBuildPhase section */

/* Begin PBXNativeTarget section */
		E8AFD98524618EEF00005F44 /* TapCardVlidatorKit-iOS */ = {
			isa = PBXNativeTarget;
			buildConfigurationList = E8AFD98E24618EEF00005F44 /* Build configuration list for PBXNativeTarget "TapCardVlidatorKit-iOS" */;
			buildPhases = (
				E8AFD98124618EEF00005F44 /* Headers */,
				E8AFD98224618EEF00005F44 /* Sources */,
				E8AFD98324618EEF00005F44 /* Frameworks */,
				E8AFD98424618EEF00005F44 /* Resources */,
			);
			buildRules = (
			);
			dependencies = (
			);
			name = "TapCardVlidatorKit-iOS";
			productName = "TapCardVlidatorKit-iOS";
			productReference = E8AFD98624618EEF00005F44 /* TapCardVlidatorKit_iOS.framework */;
			productType = "com.apple.product-type.framework";
		};
/* End PBXNativeTarget section */

/* Begin PBXProject section */
		E8AFD97D24618EEF00005F44 /* Project object */ = {
			isa = PBXProject;
			attributes = {
				LastUpgradeCheck = 1120;
				ORGANIZATIONNAME = "Tap Payments";
				TargetAttributes = {
					E8AFD98524618EEF00005F44 = {
						CreatedOnToolsVersion = 11.2.1;
						LastSwiftMigration = 1120;
					};
				};
			};
			buildConfigurationList = E8AFD98024618EEF00005F44 /* Build configuration list for PBXProject "TapCardVlidatorKit-iOS" */;
			compatibilityVersion = "Xcode 9.3";
			developmentRegion = en;
			hasScannedForEncodings = 0;
			knownRegions = (
				en,
				Base,
			);
			mainGroup = E8AFD97C24618EEF00005F44;
			productRefGroup = E8AFD98724618EEF00005F44 /* Products */;
			projectDirPath = "";
			projectRoot = "";
			targets = (
				E8AFD98524618EEF00005F44 /* TapCardVlidatorKit-iOS */,
			);
		};
/* End PBXProject section */

/* Begin PBXResourcesBuildPhase section */
		E8AFD98424618EEF00005F44 /* Resources */ = {
			isa = PBXResourcesBuildPhase;
			buildActionMask = 2147483647;
			files = (
			);
			runOnlyForDeploymentPostprocessing = 0;
		};
/* End PBXResourcesBuildPhase section */

/* Begin PBXSourcesBuildPhase section */
		E8AFD98224618EEF00005F44 /* Sources */ = {
			isa = PBXSourcesBuildPhase;
			buildActionMask = 2147483647;
			files = (
				E8AFD99824618F2400005F44 /* CardValidationState.swift in Sources */,
				E8AFD99724618F2400005F44 /* CardBINRange.swift in Sources */,
				E839225926945FD400421E15 /* CardBrandWithSchemes.swift in Sources */,
				E8AFD99B24618F2400005F44 /* DefinedCardBrand.swift in Sources */,
				E8AFD99924618F2400005F44 /* CardValidator.swift in Sources */,
				E8AFD99A24618F2400005F44 /* CardBrand.swift in Sources */,
			);
			runOnlyForDeploymentPostprocessing = 0;
		};
/* End PBXSourcesBuildPhase section */

/* Begin XCBuildConfiguration section */
		E8AFD98C24618EEF00005F44 /* Debug */ = {
			isa = XCBuildConfiguration;
			buildSettings = {
				ALWAYS_SEARCH_USER_PATHS = NO;
				CLANG_ANALYZER_NONNULL = YES;
				CLANG_ANALYZER_NUMBER_OBJECT_CONVERSION = YES_AGGRESSIVE;
				CLANG_CXX_LANGUAGE_STANDARD = "gnu++14";
				CLANG_CXX_LIBRARY = "libc++";
				CLANG_ENABLE_MODULES = YES;
				CLANG_ENABLE_OBJC_ARC = YES;
				CLANG_ENABLE_OBJC_WEAK = YES;
				CLANG_WARN_BLOCK_CAPTURE_AUTORELEASING = YES;
				CLANG_WARN_BOOL_CONVERSION = YES;
				CLANG_WARN_COMMA = YES;
				CLANG_WARN_CONSTANT_CONVERSION = YES;
				CLANG_WARN_DEPRECATED_OBJC_IMPLEMENTATIONS = YES;
				CLANG_WARN_DIRECT_OBJC_ISA_USAGE = YES_ERROR;
				CLANG_WARN_DOCUMENTATION_COMMENTS = YES;
				CLANG_WARN_EMPTY_BODY = YES;
				CLANG_WARN_ENUM_CONVERSION = YES;
				CLANG_WARN_INFINITE_RECURSION = YES;
				CLANG_WARN_INT_CONVERSION = YES;
				CLANG_WARN_NON_LITERAL_NULL_CONVERSION = YES;
				CLANG_WARN_OBJC_IMPLICIT_RETAIN_SELF = YES;
				CLANG_WARN_OBJC_LITERAL_CONVERSION = YES;
				CLANG_WARN_OBJC_ROOT_CLASS = YES_ERROR;
				CLANG_WARN_RANGE_LOOP_ANALYSIS = YES;
				CLANG_WARN_STRICT_PROTOTYPES = YES;
				CLANG_WARN_SUSPICIOUS_MOVE = YES;
				CLANG_WARN_UNGUARDED_AVAILABILITY = YES_AGGRESSIVE;
				CLANG_WARN_UNREACHABLE_CODE = YES;
				CLANG_WARN__DUPLICATE_METHOD_MATCH = YES;
				COPY_PHASE_STRIP = NO;
				CURRENT_PROJECT_VERSION = 1;
				DEBUG_INFORMATION_FORMAT = dwarf;
				ENABLE_STRICT_OBJC_MSGSEND = YES;
				ENABLE_TESTABILITY = YES;
				GCC_C_LANGUAGE_STANDARD = gnu11;
				GCC_DYNAMIC_NO_PIC = NO;
				GCC_NO_COMMON_BLOCKS = YES;
				GCC_OPTIMIZATION_LEVEL = 0;
				GCC_PREPROCESSOR_DEFINITIONS = (
					"DEBUG=1",
					"$(inherited)",
				);
				GCC_WARN_64_TO_32_BIT_CONVERSION = YES;
				GCC_WARN_ABOUT_RETURN_TYPE = YES_ERROR;
				GCC_WARN_UNDECLARED_SELECTOR = YES;
				GCC_WARN_UNINITIALIZED_AUTOS = YES_AGGRESSIVE;
				GCC_WARN_UNUSED_FUNCTION = YES;
				GCC_WARN_UNUSED_VARIABLE = YES;
				IPHONEOS_DEPLOYMENT_TARGET = 11.0;
				MTL_ENABLE_DEBUG_INFO = INCLUDE_SOURCE;
				MTL_FAST_MATH = YES;
				ONLY_ACTIVE_ARCH = YES;
				SDKROOT = iphoneos;
				SWIFT_ACTIVE_COMPILATION_CONDITIONS = DEBUG;
				SWIFT_OPTIMIZATION_LEVEL = "-Onone";
				VERSIONING_SYSTEM = "apple-generic";
				VERSION_INFO_PREFIX = "";
			};
			name = Debug;
		};
		E8AFD98D24618EEF00005F44 /* Release */ = {
			isa = XCBuildConfiguration;
			buildSettings = {
				ALWAYS_SEARCH_USER_PATHS = NO;
				CLANG_ANALYZER_NONNULL = YES;
				CLANG_ANALYZER_NUMBER_OBJECT_CONVERSION = YES_AGGRESSIVE;
				CLANG_CXX_LANGUAGE_STANDARD = "gnu++14";
				CLANG_CXX_LIBRARY = "libc++";
				CLANG_ENABLE_MODULES = YES;
				CLANG_ENABLE_OBJC_ARC = YES;
				CLANG_ENABLE_OBJC_WEAK = YES;
				CLANG_WARN_BLOCK_CAPTURE_AUTORELEASING = YES;
				CLANG_WARN_BOOL_CONVERSION = YES;
				CLANG_WARN_COMMA = YES;
				CLANG_WARN_CONSTANT_CONVERSION = YES;
				CLANG_WARN_DEPRECATED_OBJC_IMPLEMENTATIONS = YES;
				CLANG_WARN_DIRECT_OBJC_ISA_USAGE = YES_ERROR;
				CLANG_WARN_DOCUMENTATION_COMMENTS = YES;
				CLANG_WARN_EMPTY_BODY = YES;
				CLANG_WARN_ENUM_CONVERSION = YES;
				CLANG_WARN_INFINITE_RECURSION = YES;
				CLANG_WARN_INT_CONVERSION = YES;
				CLANG_WARN_NON_LITERAL_NULL_CONVERSION = YES;
				CLANG_WARN_OBJC_IMPLICIT_RETAIN_SELF = YES;
				CLANG_WARN_OBJC_LITERAL_CONVERSION = YES;
				CLANG_WARN_OBJC_ROOT_CLASS = YES_ERROR;
				CLANG_WARN_RANGE_LOOP_ANALYSIS = YES;
				CLANG_WARN_STRICT_PROTOTYPES = YES;
				CLANG_WARN_SUSPICIOUS_MOVE = YES;
				CLANG_WARN_UNGUARDED_AVAILABILITY = YES_AGGRESSIVE;
				CLANG_WARN_UNREACHABLE_CODE = YES;
				CLANG_WARN__DUPLICATE_METHOD_MATCH = YES;
				COPY_PHASE_STRIP = NO;
				CURRENT_PROJECT_VERSION = 1;
				DEBUG_INFORMATION_FORMAT = "dwarf-with-dsym";
				ENABLE_NS_ASSERTIONS = NO;
				ENABLE_STRICT_OBJC_MSGSEND = YES;
				GCC_C_LANGUAGE_STANDARD = gnu11;
				GCC_NO_COMMON_BLOCKS = YES;
				GCC_WARN_64_TO_32_BIT_CONVERSION = YES;
				GCC_WARN_ABOUT_RETURN_TYPE = YES_ERROR;
				GCC_WARN_UNDECLARED_SELECTOR = YES;
				GCC_WARN_UNINITIALIZED_AUTOS = YES_AGGRESSIVE;
				GCC_WARN_UNUSED_FUNCTION = YES;
				GCC_WARN_UNUSED_VARIABLE = YES;
				IPHONEOS_DEPLOYMENT_TARGET = 11.0;
				MTL_ENABLE_DEBUG_INFO = NO;
				MTL_FAST_MATH = YES;
				SDKROOT = iphoneos;
				SWIFT_COMPILATION_MODE = wholemodule;
				SWIFT_OPTIMIZATION_LEVEL = "-O";
				VALIDATE_PRODUCT = YES;
				VERSIONING_SYSTEM = "apple-generic";
				VERSION_INFO_PREFIX = "";
			};
			name = Release;
		};
		E8AFD98F24618EEF00005F44 /* Debug */ = {
			isa = XCBuildConfiguration;
			buildSettings = {
				CLANG_ENABLE_MODULES = YES;
				CODE_SIGN_STYLE = Automatic;
				DEFINES_MODULE = YES;
				DEVELOPMENT_TEAM = G46S76PUH4;
				DYLIB_COMPATIBILITY_VERSION = 1;
				DYLIB_CURRENT_VERSION = 1;
				DYLIB_INSTALL_NAME_BASE = "@rpath";
				INFOPLIST_FILE = "TapCardVlidatorKit-iOS/Info.plist";
				INSTALL_PATH = "$(LOCAL_LIBRARY_DIR)/Frameworks";
				IPHONEOS_DEPLOYMENT_TARGET = 11.0;
				LD_RUNPATH_SEARCH_PATHS = (
					"$(inherited)",
					"@executable_path/Frameworks",
					"@loader_path/Frameworks",
				);
				PRODUCT_BUNDLE_IDENTIFIER = "company.tap.TapCardVlidatorKit-iOS";
				PRODUCT_NAME = "$(TARGET_NAME:c99extidentifier)";
				SKIP_INSTALL = YES;
				SUPPORTS_MACCATALYST = NO;
				SWIFT_OPTIMIZATION_LEVEL = "-Onone";
				SWIFT_VERSION = 5.0;
				TARGETED_DEVICE_FAMILY = 1;
			};
			name = Debug;
		};
		E8AFD99024618EEF00005F44 /* Release */ = {
			isa = XCBuildConfiguration;
			buildSettings = {
				CLANG_ENABLE_MODULES = YES;
				CODE_SIGN_STYLE = Automatic;
				DEFINES_MODULE = YES;
				DEVELOPMENT_TEAM = G46S76PUH4;
				DYLIB_COMPATIBILITY_VERSION = 1;
				DYLIB_CURRENT_VERSION = 1;
				DYLIB_INSTALL_NAME_BASE = "@rpath";
				INFOPLIST_FILE = "TapCardVlidatorKit-iOS/Info.plist";
				INSTALL_PATH = "$(LOCAL_LIBRARY_DIR)/Frameworks";
				IPHONEOS_DEPLOYMENT_TARGET = 11.0;
				LD_RUNPATH_SEARCH_PATHS = (
					"$(inherited)",
					"@executable_path/Frameworks",
					"@loader_path/Frameworks",
				);
				PRODUCT_BUNDLE_IDENTIFIER = "company.tap.TapCardVlidatorKit-iOS";
				PRODUCT_NAME = "$(TARGET_NAME:c99extidentifier)";
				SKIP_INSTALL = YES;
				SUPPORTS_MACCATALYST = NO;
				SWIFT_VERSION = 5.0;
				TARGETED_DEVICE_FAMILY = 1;
			};
			name = Release;
		};
/* End XCBuildConfiguration section */

/* Begin XCConfigurationList section */
		E8AFD98024618EEF00005F44 /* Build configuration list for PBXProject "TapCardVlidatorKit-iOS" */ = {
			isa = XCConfigurationList;
			buildConfigurations = (
				E8AFD98C24618EEF00005F44 /* Debug */,
				E8AFD98D24618EEF00005F44 /* Release */,
			);
			defaultConfigurationIsVisible = 0;
			defaultConfigurationName = Release;
		};
		E8AFD98E24618EEF00005F44 /* Build configuration list for PBXNativeTarget "TapCardVlidatorKit-iOS" */ = {
			isa = XCConfigurationList;
			buildConfigurations = (
				E8AFD98F24618EEF00005F44 /* Debug */,
				E8AFD99024618EEF00005F44 /* Release */,
			);
			defaultConfigurationIsVisible = 0;
			defaultConfigurationName = Release;
		};
/* End XCConfigurationList section */
	};
	rootObject = E8AFD97D24618EEF00005F44 /* Project object */;
}
